
Microsoft Visual Studio Solution File, Format Version 12.00
Project("{FAE04EC0-301F-11D3-BF4B-00C04F79EFBC}") = "ClassLibrary", "ClassLibrary\ClassLibrary.csproj", "{2C5BBA94-9A06-4C3D-AF98-A1CBC818B569}"
EndProject
Project("{FAE04EC0-301F-11D3-BF4B-00C04F79EFBC}") = "ConsoleApp", "ConsoleApp\ConsoleApp.csproj", "{40FF4152-3349-488A-BBA1-8D0C7B5B6EDE}"
EndProject
Global
	GlobalSection(SolutionConfigurationPlatforms) = preSolution
		Debug|Any CPU = Debug|Any CPU
		Release|Any CPU = Release|Any CPU
	EndGlobalSection
	GlobalSection(ProjectConfigurationPlatforms) = postSolution
		{2C5BBA94-9A06-4C3D-AF98-A1CBC818B569}.Debug|Any CPU.ActiveCfg = Debug|Any CPU
		{2C5BBA94-9A06-4C3D-AF98-A1CBC818B569}.Debug|Any CPU.Build.0 = Debug|Any CPU
		{2C5BBA94-9A06-4C3D-AF98-A1CBC818B569}.Release|Any CPU.ActiveCfg = Release|Any CPU
		{2C5BBA94-9A06-4C3D-AF98-A1CBC818B569}.Release|Any CPU.Build.0 = Release|Any CPU
		{40FF4152-3349-488A-BBA1-8D0C7B5B6EDE}.Debug|Any CPU.ActiveCfg = Debug|Any CPU
		{40FF4152-3349-488A-BBA1-8D0C7B5B6EDE}.Debug|Any CPU.Build.0 = Debug|Any CPU
		{40FF4152-3349-488A-BBA1-8D0C7B5B6EDE}.Release|Any CPU.ActiveCfg = Release|Any CPU
		{40FF4152-3349-488A-BBA1-8D0C7B5B6EDE}.Release|Any CPU.Build.0 = Release|Any CPU
	EndGlobalSection
EndGlobal
